{
  "version": 4,
  "terraform_version": "1.3.5",
  "serial": 40,
  "lineage": "a27f24c9-cebb-2907-67b8-5ebcd97382e2",
  "outputs": {},
  "resources": [
    {
      "mode": "data",
      "type": "aws_availability_zones",
      "name": "available",
      "provider": "provider[\"registry.terraform.io/hashicorp/aws\"]",
      "instances": [
        {
          "schema_version": 0,
          "attributes": {
            "all_availability_zones": null,
            "exclude_names": [
              "ap-northeast-2a",
              "ap-northeast-2c"
            ],
            "exclude_zone_ids": null,
            "filter": null,
            "group_names": [
              "ap-northeast-2"
            ],
            "id": "ap-northeast-2",
            "names": [
              "ap-northeast-2b",
              "ap-northeast-2d"
            ],
            "state": null,
            "timeouts": null,
            "zone_ids": [
              "apne2-az2",
              "apne2-az4"
            ]
          },
          "sensitive_attributes": []
        }
      ]
    },
    {
      "mode": "managed",
      "type": "aws_eks_cluster",
      "name": "test-eks-cluster",
      "provider": "provider[\"registry.terraform.io/hashicorp/aws\"]",
      "instances": [
        {
          "schema_version": 0,
          "attributes": {
            "arn": "arn:aws:eks:ap-northeast-2:939823608919:cluster/test-eks-cluster",
            "certificate_authority": [
              {
                "data": "LS0tLS1CRUdJTiBDRVJUSUZJQ0FURS0tLS0tCk1JSUM1ekNDQWMrZ0F3SUJBZ0lCQURBTkJna3Foa2lHOXcwQkFRc0ZBREFWTVJNd0VRWURWUVFERXdwcmRXSmwKY201bGRHVnpNQjRYRFRJeU1URXlOREEwTURneU1sb1hEVE15TVRFeU1UQTBNRGd5TWxvd0ZURVRNQkVHQTFVRQpBeE1LYTNWaVpYSnVaWFJsY3pDQ0FTSXdEUVlKS29aSWh2Y05BUUVCQlFBRGdnRVBBRENDQVFvQ2dnRUJBSzVGCk5GV2NzTmltdm5xaGJHRzJkaVRoUVdoZHBIc3FTKzMwcE9RYkRHTUgzUHYza0FIU2ZuVlU2NDdDVDhNenVjZFMKL0NjaHI1eGY2RmJ4SVRXcFgxaDhySVl5YmEyYmplTEpwMEMxcWVra29BMEhvSUd0WmxIWStBTWN1MnJ0ZXVvNgpuSnR4L3cxeFFsaXdKRUU0UFVrdnJwdG81OTU3dXBHSVFKdE4wVENsSnlHSTdtNTdxek9XQUJvYWZzTFhqMFJXCjVaVG93T1hjMkRJSHdsamIrU1orRnVWZ1J0aXAzYkx3cFlZRVlzSW5ER21RdnVQTjJlRkFQMnFJUzFYQlJSMHMKd2JvM1V0UzBudmNyRlVIVi9jNHB1L3VMeGhmY3puSkJKM0ZyK1B5VHlFaWNyL2NsVVdNbkpVZ25DK1VzbUVXQwphUHFtWFZFNi9hc1FXRzRnQ1ZrQ0F3RUFBYU5DTUVBd0RnWURWUjBQQVFIL0JBUURBZ0trTUE4R0ExVWRFd0VCCi93UUZNQU1CQWY4d0hRWURWUjBPQkJZRUZEbEhPU0kvR0xiQTZwS3EwUTBsM1pwS2lqcFNNQTBHQ1NxR1NJYjMKRFFFQkN3VUFBNElCQVFDRzFMWUc2ajI3ak5sU2FlT1JDRkVJNEZEMnpYN1JLZmdFM3NUWnJpNzlmcVNMVVQzZgpjS0RYVEpmQmMwRCtYbUdGbVQ2ZldBM2JIKzR3cVRlS2VOQTdNNWdXUXRkeDFON2JMVjAvNUlrMk5tbXFpbTQ5CkthVlpzZkZXd0hTRkNEQWlEc2xNTHdGQWJpUGFwZEU4MHBDdzdNN0Y0ZVMwQ2M3bGVIZ01PVHVSQ210NlhaWDQKRzB0Z3BBME5CeDU2WjRkV1paSUNTY2lBQVNsNU0xdUJFNEZWM2UxTkJqNlN0OWdnbVlVbWJ4T1RZTGsxaFRRcApROXlqZm9IenRwdDkrT3ZFbVgxMzRoMEpYVFc3TVFLU3pIY0o0RjNXakVZOUtuMzhvdW51QlY0bFBEek9ob2cxCjBHNGNqMWFHanN3T0FUL2ZyUHpFTWFvcis0bmNZR3hUWU1oNwotLS0tLUVORCBDRVJUSUZJQ0FURS0tLS0tCg=="
              }
            ],
            "created_at": "2022-11-24 04:03:14.868 +0000 UTC",
            "enabled_cluster_log_types": [
              "api",
              "audit",
              "authenticator",
              "controllerManager",
              "scheduler"
            ],
            "encryption_config": [],
            "endpoint": "https://FA92C7449E590D19CE364F0CDDDE55FD.gr7.ap-northeast-2.eks.amazonaws.com",
            "id": "test-eks-cluster",
            "identity": [
              {
                "oidc": [
                  {
                    "issuer": "https://oidc.eks.ap-northeast-2.amazonaws.com/id/FA92C7449E590D19CE364F0CDDDE55FD"
                  }
                ]
              }
            ],
            "kubernetes_network_config": [
              {
                "ip_family": "ipv4",
                "service_ipv4_cidr": "10.100.0.0/16",
                "service_ipv6_cidr": ""
              }
            ],
            "name": "test-eks-cluster",
            "outpost_config": [],
            "platform_version": "eks.14",
            "role_arn": "arn:aws:iam::939823608919:role/test-iam-role-eks-cluster",
            "status": "ACTIVE",
            "tags": null,
            "tags_all": {},
            "timeouts": null,
            "version": "1.21",
            "vpc_config": [
              {
                "cluster_security_group_id": "sg-05ff42de7d4fe01d7",
                "endpoint_private_access": false,
                "endpoint_public_access": true,
                "public_access_cidrs": [
                  "0.0.0.0/0"
                ],
                "security_group_ids": [
                  "sg-09a1522fffc4e17ad"
                ],
                "subnet_ids": [
                  "subnet-0d390e6402fc78468",
                  "subnet-0e81f58c442fcb870"
                ],
                "vpc_id": "vpc-0f55c9e30ef5aef32"
              }
            ]
          },
          "sensitive_attributes": [],
          "private": "eyJlMmJmYjczMC1lY2FhLTExZTYtOGY4OC0zNDM2M2JjN2M0YzAiOnsiY3JlYXRlIjoxODAwMDAwMDAwMDAwLCJkZWxldGUiOjkwMDAwMDAwMDAwMCwidXBkYXRlIjozNjAwMDAwMDAwMDAwfX0=",
          "dependencies": [
            "aws_iam_role.test-iam-role-eks-cluster",
            "aws_iam_role_policy_attachment.test-iam-policy-eks-cluster",
            "aws_iam_role_policy_attachment.test-iam-policy-eks-cluster-vpc",
            "aws_security_group.test-sg-eks-cluster"
          ]
        }
      ]
    },
    {
      "mode": "managed",
      "type": "aws_eks_node_group",
      "name": "test-eks-nodegroup",
      "provider": "provider[\"registry.terraform.io/hashicorp/aws\"]",
      "instances": [
        {
          "schema_version": 0,
          "attributes": {
            "ami_type": "AL2_x86_64",
            "arn": "arn:aws:eks:ap-northeast-2:939823608919:nodegroup/test-eks-cluster/test-eks-nodegroup/5ec253ea-b901-5380-a715-f213a9f93d73",
            "capacity_type": "ON_DEMAND",
            "cluster_name": "test-eks-cluster",
            "disk_size": 20,
            "force_update_version": null,
            "id": "test-eks-cluster:test-eks-nodegroup",
            "instance_types": [
              "t3a.medium"
            ],
            "labels": {
              "role": "eks-nodegroup"
            },
            "launch_template": [],
            "node_group_name": "test-eks-nodegroup",
            "node_group_name_prefix": "",
            "node_role_arn": "arn:aws:iam::939823608919:role/test-iam-role-eks-nodegroup",
            "release_version": "1.21.14-20221112",
            "remote_access": [],
            "resources": [
              {
                "autoscaling_groups": [
                  {
                    "name": "eks-test-eks-nodegroup-5ec253ea-b901-5380-a715-f213a9f93d73"
                  }
                ],
                "remote_access_security_group_id": ""
              }
            ],
            "scaling_config": [
              {
                "desired_size": 2,
                "max_size": 3,
                "min_size": 1
              }
            ],
            "status": "ACTIVE",
            "subnet_ids": [
              "subnet-0d390e6402fc78468",
              "subnet-0e81f58c442fcb870"
            ],
            "tags": null,
            "tags_all": {},
            "taint": [],
            "timeouts": null,
            "update_config": [
              {
                "max_unavailable": 1,
                "max_unavailable_percentage": 0
              }
            ],
            "version": "1.21"
          },
          "sensitive_attributes": [],
          "private": "eyJlMmJmYjczMC1lY2FhLTExZTYtOGY4OC0zNDM2M2JjN2M0YzAiOnsiY3JlYXRlIjozNjAwMDAwMDAwMDAwLCJkZWxldGUiOjM2MDAwMDAwMDAwMDAsInVwZGF0ZSI6MzYwMDAwMDAwMDAwMH19",
          "dependencies": [
            "aws_eks_cluster.test-eks-cluster",
            "aws_iam_role.test-iam-role-eks-cluster",
            "aws_iam_role.test-iam-role-eks-nodegroup",
            "aws_iam_role_policy_attachment.test-iam-policy-eks-cluster",
            "aws_iam_role_policy_attachment.test-iam-policy-eks-cluster-vpc",
            "aws_iam_role_policy_attachment.test-iam-policy-eks-nodegroup",
            "aws_iam_role_policy_attachment.test-iam-policy-eks-nodegroup-cni",
            "aws_iam_role_policy_attachment.test-iam-policy-eks-nodegroup-ecr",
            "aws_security_group.test-sg-eks-cluster"
          ]
        }
      ]
    },
    {
      "mode": "managed",
      "type": "aws_iam_role",
      "name": "test-iam-role-eks-cluster",
      "provider": "provider[\"registry.terraform.io/hashicorp/aws\"]",
      "instances": [
        {
          "schema_version": 0,
          "attributes": {
            "arn": "arn:aws:iam::939823608919:role/test-iam-role-eks-cluster",
            "assume_role_policy": "{\"Statement\":[{\"Action\":\"sts:AssumeRole\",\"Effect\":\"Allow\",\"Principal\":{\"Service\":\"eks.amazonaws.com\"}}],\"Version\":\"2012-10-17\"}",
            "create_date": "2022-11-24T04:03:11Z",
            "description": "",
            "force_detach_policies": false,
            "id": "test-iam-role-eks-cluster",
            "inline_policy": [],
            "managed_policy_arns": [],
            "max_session_duration": 3600,
            "name": "test-iam-role-eks-cluster",
            "name_prefix": "",
            "path": "/",
            "permissions_boundary": null,
            "tags": null,
            "tags_all": {},
            "unique_id": "AROA5VUO2GRL7C4BF5IFO"
          },
          "sensitive_attributes": [],
          "private": "bnVsbA=="
        }
      ]
    },
    {
      "mode": "managed",
      "type": "aws_iam_role",
      "name": "test-iam-role-eks-nodegroup",
      "provider": "provider[\"registry.terraform.io/hashicorp/aws\"]",
      "instances": [
        {
          "schema_version": 0,
          "attributes": {
            "arn": "arn:aws:iam::939823608919:role/test-iam-role-eks-nodegroup",
            "assume_role_policy": "{\"Statement\":[{\"Action\":\"sts:AssumeRole\",\"Effect\":\"Allow\",\"Principal\":{\"Service\":\"ec2.amazonaws.com\"}}],\"Version\":\"2012-10-17\"}",
            "create_date": "2022-11-24T04:03:11Z",
            "description": "",
            "force_detach_policies": false,
            "id": "test-iam-role-eks-nodegroup",
            "inline_policy": [],
            "managed_policy_arns": [],
            "max_session_duration": 3600,
            "name": "test-iam-role-eks-nodegroup",
            "name_prefix": "",
            "path": "/",
            "permissions_boundary": null,
            "tags": null,
            "tags_all": {},
            "unique_id": "AROA5VUO2GRL5JH32YSY5"
          },
          "sensitive_attributes": [],
          "private": "bnVsbA=="
        }
      ]
    },
    {
      "mode": "managed",
      "type": "aws_iam_role_policy_attachment",
      "name": "test-iam-policy-eks-cluster",
      "provider": "provider[\"registry.terraform.io/hashicorp/aws\"]",
      "instances": [
        {
          "schema_version": 0,
          "attributes": {
            "id": "test-iam-role-eks-cluster-20221124040312697100000001",
            "policy_arn": "arn:aws:iam::aws:policy/AmazonEKSClusterPolicy",
            "role": "test-iam-role-eks-cluster"
          },
          "sensitive_attributes": [],
          "private": "bnVsbA==",
          "dependencies": [
            "aws_iam_role.test-iam-role-eks-cluster"
          ]
        }
      ]
    },
    {
      "mode": "managed",
      "type": "aws_iam_role_policy_attachment",
      "name": "test-iam-policy-eks-cluster-vpc",
      "provider": "provider[\"registry.terraform.io/hashicorp/aws\"]",
      "instances": [
        {
          "schema_version": 0,
          "attributes": {
            "id": "test-iam-role-eks-cluster-20221124040312721700000002",
            "policy_arn": "arn:aws:iam::aws:policy/AmazonEKSVPCResourceController",
            "role": "test-iam-role-eks-cluster"
          },
          "sensitive_attributes": [],
          "private": "bnVsbA==",
          "dependencies": [
            "aws_iam_role.test-iam-role-eks-cluster"
          ]
        }
      ]
    },
    {
      "mode": "managed",
      "type": "aws_iam_role_policy_attachment",
      "name": "test-iam-policy-eks-nodegroup",
      "provider": "provider[\"registry.terraform.io/hashicorp/aws\"]",
      "instances": [
        {
          "schema_version": 0,
          "attributes": {
            "id": "test-iam-role-eks-nodegroup-20221124040313198200000005",
            "policy_arn": "arn:aws:iam::aws:policy/AmazonEKSWorkerNodePolicy",
            "role": "test-iam-role-eks-nodegroup"
          },
          "sensitive_attributes": [],
          "private": "bnVsbA==",
          "dependencies": [
            "aws_iam_role.test-iam-role-eks-nodegroup"
          ]
        }
      ]
    },
    {
      "mode": "managed",
      "type": "aws_iam_role_policy_attachment",
      "name": "test-iam-policy-eks-nodegroup-cni",
      "provider": "provider[\"registry.terraform.io/hashicorp/aws\"]",
      "instances": [
        {
          "schema_version": 0,
          "attributes": {
            "id": "test-iam-role-eks-nodegroup-20221124040312944800000003",
            "policy_arn": "arn:aws:iam::aws:policy/AmazonEKS_CNI_Policy",
            "role": "test-iam-role-eks-nodegroup"
          },
          "sensitive_attributes": [],
          "private": "bnVsbA==",
          "dependencies": [
            "aws_iam_role.test-iam-role-eks-nodegroup"
          ]
        }
      ]
    },
    {
      "mode": "managed",
      "type": "aws_iam_role_policy_attachment",
      "name": "test-iam-policy-eks-nodegroup-ecr",
      "provider": "provider[\"registry.terraform.io/hashicorp/aws\"]",
      "instances": [
        {
          "schema_version": 0,
          "attributes": {
            "id": "test-iam-role-eks-nodegroup-20221124040312972300000004",
            "policy_arn": "arn:aws:iam::aws:policy/AmazonEC2ContainerRegistryReadOnly",
            "role": "test-iam-role-eks-nodegroup"
          },
          "sensitive_attributes": [],
          "private": "bnVsbA==",
          "dependencies": [
            "aws_iam_role.test-iam-role-eks-nodegroup"
          ]
        }
      ]
    },
    {
      "mode": "managed",
      "type": "aws_security_group",
      "name": "test-sg-eks-cluster",
      "provider": "provider[\"registry.terraform.io/hashicorp/aws\"]",
      "instances": [
        {
          "schema_version": 1,
          "attributes": {
            "arn": "arn:aws:ec2:ap-northeast-2:939823608919:security-group/sg-09a1522fffc4e17ad",
            "description": "security_Group for test-eks-cluster",
            "egress": [],
            "id": "sg-09a1522fffc4e17ad",
            "ingress": [],
            "name": "test-sg-eks-cluster",
            "name_prefix": "",
            "owner_id": "939823608919",
            "revoke_rules_on_delete": false,
            "tags": {
              "Name": "test-sg-eks-cluster"
            },
            "tags_all": {
              "Name": "test-sg-eks-cluster"
            },
            "timeouts": null,
            "vpc_id": "vpc-0f55c9e30ef5aef32"
          },
          "sensitive_attributes": [],
          "private": "eyJlMmJmYjczMC1lY2FhLTExZTYtOGY4OC0zNDM2M2JjN2M0YzAiOnsiY3JlYXRlIjo2MDAwMDAwMDAwMDAsImRlbGV0ZSI6OTAwMDAwMDAwMDAwfSwic2NoZW1hX3ZlcnNpb24iOiIxIn0="
        }
      ]
    },
    {
      "mode": "managed",
      "type": "aws_security_group_rule",
      "name": "test-sg-eks-cluster-egress",
      "provider": "provider[\"registry.terraform.io/hashicorp/aws\"]",
      "instances": [
        {
          "schema_version": 2,
          "attributes": {
            "cidr_blocks": [
              "0.0.0.0/0"
            ],
            "description": "egress security_group rule for test-eks-cluster",
            "from_port": 0,
            "id": "sgrule-2663237946",
            "ipv6_cidr_blocks": null,
            "prefix_list_ids": null,
            "protocol": "-1",
            "security_group_id": "sg-09a1522fffc4e17ad",
            "security_group_rule_id": "sgr-01cbe1d526ded0c24",
            "self": false,
            "source_security_group_id": null,
            "timeouts": null,
            "to_port": 0,
            "type": "egress"
          },
          "sensitive_attributes": [],
          "private": "eyJlMmJmYjczMC1lY2FhLTExZTYtOGY4OC0zNDM2M2JjN2M0YzAiOnsiY3JlYXRlIjozMDAwMDAwMDAwMDB9LCJzY2hlbWFfdmVyc2lvbiI6IjIifQ==",
          "dependencies": [
            "aws_security_group.test-sg-eks-cluster"
          ]
        }
      ]
    },
    {
      "mode": "managed",
      "type": "aws_security_group_rule",
      "name": "test-sg-eks-cluster-ingress",
      "provider": "provider[\"registry.terraform.io/hashicorp/aws\"]",
      "instances": [
        {
          "schema_version": 2,
          "attributes": {
            "cidr_blocks": [
              "0.0.0.0/0"
            ],
            "description": "ingress security_group rule for test-eks-cluster",
            "from_port": 0,
            "id": "sgrule-1150306095",
            "ipv6_cidr_blocks": null,
            "prefix_list_ids": null,
            "protocol": "-1",
            "security_group_id": "sg-09a1522fffc4e17ad",
            "security_group_rule_id": "sgr-0ef82cbf86a72e79a",
            "self": false,
            "source_security_group_id": null,
            "timeouts": null,
            "to_port": 0,
            "type": "ingress"
          },
          "sensitive_attributes": [],
          "private": "eyJlMmJmYjczMC1lY2FhLTExZTYtOGY4OC0zNDM2M2JjN2M0YzAiOnsiY3JlYXRlIjozMDAwMDAwMDAwMDB9LCJzY2hlbWFfdmVyc2lvbiI6IjIifQ==",
          "dependencies": [
            "aws_security_group.test-sg-eks-cluster"
          ]
        }
      ]
    }
  ],
  "check_results": null
}
