{
  "version": 4,
  "terraform_version": "1.3.5",
  "serial": 42,
  "lineage": "a27f24c9-cebb-2907-67b8-5ebcd97382e2",
  "outputs": {},
  "resources": [
    {
      "mode": "data",
      "type": "aws_availability_zones",
      "name": "available",
      "provider": "provider[\"registry.terraform.io/hashicorp/aws\"]",
      "instances": [
        {
          "schema_version": 0,
          "attributes": {
            "all_availability_zones": null,
            "exclude_names": [
              "ap-northeast-2a",
              "ap-northeast-2c"
            ],
            "exclude_zone_ids": null,
            "filter": null,
            "group_names": [
              "ap-northeast-2"
            ],
            "id": "ap-northeast-2",
            "names": [
              "ap-northeast-2b",
              "ap-northeast-2d"
            ],
            "state": null,
            "timeouts": null,
            "zone_ids": [
              "apne2-az2",
              "apne2-az4"
            ]
          },
          "sensitive_attributes": []
        }
      ]
    },
    {
      "mode": "managed",
      "type": "aws_autoscaling_group",
      "name": "tfer--eks-test-eks-nodegroup-5ec253ea-b901-5380-a715-f213a9f93d73",
      "provider": "provider[\"registry.terraform.io/-/aws\"]",
      "instances": [
        {
          "schema_version": 0,
          "attributes_flat": {
            "arn": "arn:aws:autoscaling:ap-northeast-2:939823608919:autoScalingGroup:b1f29945-5f31-4fa6-a7d7-e157e8def685:autoScalingGroupName/eks-test-eks-nodegroup-5ec253ea-b901-5380-a715-f213a9f93d73",
            "availability_zones.#": "2",
            "availability_zones.0": "ap-northeast-2a",
            "availability_zones.1": "ap-northeast-2c",
            "capacity_rebalance": "true",
            "context": "",
            "default_cooldown": "300",
            "default_instance_warmup": "0",
            "desired_capacity": "2",
            "enabled_metrics.#": "0",
            "force_delete": "false",
            "health_check_grace_period": "15",
            "health_check_type": "EC2",
            "id": "eks-test-eks-nodegroup-5ec253ea-b901-5380-a715-f213a9f93d73",
            "launch_configuration": "",
            "launch_template.#": "0",
            "load_balancers.#": "0",
            "max_instance_lifetime": "0",
            "max_size": "3",
            "metrics_granularity": "1Minute",
            "min_size": "1",
            "mixed_instances_policy.#": "1",
            "mixed_instances_policy.0.instances_distribution.#": "1",
            "mixed_instances_policy.0.instances_distribution.0.on_demand_allocation_strategy": "prioritized",
            "mixed_instances_policy.0.instances_distribution.0.on_demand_base_capacity": "0",
            "mixed_instances_policy.0.instances_distribution.0.on_demand_percentage_above_base_capacity": "100",
            "mixed_instances_policy.0.instances_distribution.0.spot_allocation_strategy": "lowest-price",
            "mixed_instances_policy.0.instances_distribution.0.spot_instance_pools": "2",
            "mixed_instances_policy.0.instances_distribution.0.spot_max_price": "",
            "mixed_instances_policy.0.launch_template.#": "1",
            "mixed_instances_policy.0.launch_template.0.launch_template_specification.#": "1",
            "mixed_instances_policy.0.launch_template.0.launch_template_specification.0.launch_template_id": "lt-0af0f330977f6748b",
            "mixed_instances_policy.0.launch_template.0.launch_template_specification.0.launch_template_name": "eks-5ec253ea-b901-5380-a715-f213a9f93d73",
            "mixed_instances_policy.0.launch_template.0.launch_template_specification.0.version": "1",
            "mixed_instances_policy.0.launch_template.0.override.#": "1",
            "mixed_instances_policy.0.launch_template.0.override.0.instance_requirements.#": "0",
            "mixed_instances_policy.0.launch_template.0.override.0.instance_type": "t3a.medium",
            "mixed_instances_policy.0.launch_template.0.override.0.launch_template_specification.#": "0",
            "mixed_instances_policy.0.launch_template.0.override.0.weighted_capacity": "",
            "name": "eks-test-eks-nodegroup-5ec253ea-b901-5380-a715-f213a9f93d73",
            "name_prefix": "",
            "placement_group": "",
            "protect_from_scale_in": "false",
            "service_linked_role_arn": "arn:aws:iam::939823608919:role/aws-service-role/autoscaling.amazonaws.com/AWSServiceRoleForAutoScaling",
            "suspended_processes.#": "0",
            "tag.#": "5",
            "tag.0.key": "eks:cluster-name",
            "tag.0.propagate_at_launch": "true",
            "tag.0.value": "test-eks-cluster",
            "tag.1.key": "eks:nodegroup-name",
            "tag.1.propagate_at_launch": "true",
            "tag.1.value": "test-eks-nodegroup",
            "tag.2.key": "k8s.io/cluster-autoscaler/enabled",
            "tag.2.propagate_at_launch": "true",
            "tag.2.value": "true",
            "tag.3.key": "k8s.io/cluster-autoscaler/test-eks-cluster",
            "tag.3.propagate_at_launch": "true",
            "tag.3.value": "owned",
            "tag.4.key": "kubernetes.io/cluster/test-eks-cluster",
            "tag.4.propagate_at_launch": "true",
            "tag.4.value": "owned",
            "target_group_arns.#": "0",
            "termination_policies.#": "3",
            "termination_policies.0": "AllocationStrategy",
            "termination_policies.1": "OldestLaunchTemplate",
            "termination_policies.2": "OldestInstance",
            "vpc_zone_identifier.#": "2",
            "vpc_zone_identifier.0": "subnet-0d390e6402fc78468",
            "vpc_zone_identifier.1": "subnet-0e81f58c442fcb870",
            "wait_for_capacity_timeout": "10m",
            "warm_pool.#": "0"
          },
          "sensitive_attributes": []
        }
      ]
    },
    {
      "mode": "managed",
      "type": "aws_eks_cluster",
      "name": "test-eks-cluster",
      "provider": "provider[\"registry.terraform.io/hashicorp/aws\"]",
      "instances": [
        {
          "schema_version": 0,
          "attributes": {
            "arn": "arn:aws:eks:ap-northeast-2:939823608919:cluster/test-eks-cluster",
            "certificate_authority": [
              {
                "data": "LS0tLS1CRUdJTiBDRVJUSUZJQ0FURS0tLS0tCk1JSUM1ekNDQWMrZ0F3SUJBZ0lCQURBTkJna3Foa2lHOXcwQkFRc0ZBREFWTVJNd0VRWURWUVFERXdwcmRXSmwKY201bGRHVnpNQjRYRFRJeU1URXlOREEwTURneU1sb1hEVE15TVRFeU1UQTBNRGd5TWxvd0ZURVRNQkVHQTFVRQpBeE1LYTNWaVpYSnVaWFJsY3pDQ0FTSXdEUVlKS29aSWh2Y05BUUVCQlFBRGdnRVBBRENDQVFvQ2dnRUJBSzVGCk5GV2NzTmltdm5xaGJHRzJkaVRoUVdoZHBIc3FTKzMwcE9RYkRHTUgzUHYza0FIU2ZuVlU2NDdDVDhNenVjZFMKL0NjaHI1eGY2RmJ4SVRXcFgxaDhySVl5YmEyYmplTEpwMEMxcWVra29BMEhvSUd0WmxIWStBTWN1MnJ0ZXVvNgpuSnR4L3cxeFFsaXdKRUU0UFVrdnJwdG81OTU3dXBHSVFKdE4wVENsSnlHSTdtNTdxek9XQUJvYWZzTFhqMFJXCjVaVG93T1hjMkRJSHdsamIrU1orRnVWZ1J0aXAzYkx3cFlZRVlzSW5ER21RdnVQTjJlRkFQMnFJUzFYQlJSMHMKd2JvM1V0UzBudmNyRlVIVi9jNHB1L3VMeGhmY3puSkJKM0ZyK1B5VHlFaWNyL2NsVVdNbkpVZ25DK1VzbUVXQwphUHFtWFZFNi9hc1FXRzRnQ1ZrQ0F3RUFBYU5DTUVBd0RnWURWUjBQQVFIL0JBUURBZ0trTUE4R0ExVWRFd0VCCi93UUZNQU1CQWY4d0hRWURWUjBPQkJZRUZEbEhPU0kvR0xiQTZwS3EwUTBsM1pwS2lqcFNNQTBHQ1NxR1NJYjMKRFFFQkN3VUFBNElCQVFDRzFMWUc2ajI3ak5sU2FlT1JDRkVJNEZEMnpYN1JLZmdFM3NUWnJpNzlmcVNMVVQzZgpjS0RYVEpmQmMwRCtYbUdGbVQ2ZldBM2JIKzR3cVRlS2VOQTdNNWdXUXRkeDFON2JMVjAvNUlrMk5tbXFpbTQ5CkthVlpzZkZXd0hTRkNEQWlEc2xNTHdGQWJpUGFwZEU4MHBDdzdNN0Y0ZVMwQ2M3bGVIZ01PVHVSQ210NlhaWDQKRzB0Z3BBME5CeDU2WjRkV1paSUNTY2lBQVNsNU0xdUJFNEZWM2UxTkJqNlN0OWdnbVlVbWJ4T1RZTGsxaFRRcApROXlqZm9IenRwdDkrT3ZFbVgxMzRoMEpYVFc3TVFLU3pIY0o0RjNXakVZOUtuMzhvdW51QlY0bFBEek9ob2cxCjBHNGNqMWFHanN3T0FUL2ZyUHpFTWFvcis0bmNZR3hUWU1oNwotLS0tLUVORCBDRVJUSUZJQ0FURS0tLS0tCg=="
              }
            ],
            "created_at": "2022-11-24 04:03:14.868 +0000 UTC",
            "enabled_cluster_log_types": [
              "api",
              "audit",
              "authenticator",
              "controllerManager",
              "scheduler"
            ],
            "encryption_config": [],
            "endpoint": "https://FA92C7449E590D19CE364F0CDDDE55FD.gr7.ap-northeast-2.eks.amazonaws.com",
            "id": "test-eks-cluster",
            "identity": [
              {
                "oidc": [
                  {
                    "issuer": "https://oidc.eks.ap-northeast-2.amazonaws.com/id/FA92C7449E590D19CE364F0CDDDE55FD"
                  }
                ]
              }
            ],
            "kubernetes_network_config": [
              {
                "ip_family": "ipv4",
                "service_ipv4_cidr": "10.100.0.0/16",
                "service_ipv6_cidr": ""
              }
            ],
            "name": "test-eks-cluster",
            "outpost_config": [],
            "platform_version": "eks.14",
            "role_arn": "arn:aws:iam::939823608919:role/test-iam-role-eks-cluster",
            "status": "ACTIVE",
            "tags": null,
            "tags_all": {},
            "timeouts": null,
            "version": "1.21",
            "vpc_config": [
              {
                "cluster_security_group_id": "sg-05ff42de7d4fe01d7",
                "endpoint_private_access": false,
                "endpoint_public_access": true,
                "public_access_cidrs": [
                  "0.0.0.0/0"
                ],
                "security_group_ids": [
                  "sg-09a1522fffc4e17ad"
                ],
                "subnet_ids": [
                  "subnet-0d390e6402fc78468",
                  "subnet-0e81f58c442fcb870"
                ],
                "vpc_id": "vpc-0f55c9e30ef5aef32"
              }
            ]
          },
          "sensitive_attributes": [],
          "private": "eyJlMmJmYjczMC1lY2FhLTExZTYtOGY4OC0zNDM2M2JjN2M0YzAiOnsiY3JlYXRlIjoxODAwMDAwMDAwMDAwLCJkZWxldGUiOjkwMDAwMDAwMDAwMCwidXBkYXRlIjozNjAwMDAwMDAwMDAwfX0=",
          "dependencies": [
            "aws_iam_role.test-iam-role-eks-cluster",
            "aws_iam_role_policy_attachment.test-iam-policy-eks-cluster",
            "aws_iam_role_policy_attachment.test-iam-policy-eks-cluster-vpc",
            "aws_security_group.test-sg-eks-cluster"
          ]
        }
      ]
    },
    {
      "mode": "managed",
      "type": "aws_eks_node_group",
      "name": "test-eks-nodegroup",
      "provider": "provider[\"registry.terraform.io/hashicorp/aws\"]",
      "instances": [
        {
          "schema_version": 0,
          "attributes": {
            "ami_type": "AL2_x86_64",
            "arn": "arn:aws:eks:ap-northeast-2:939823608919:nodegroup/test-eks-cluster/test-eks-nodegroup/5ec253ea-b901-5380-a715-f213a9f93d73",
            "capacity_type": "ON_DEMAND",
            "cluster_name": "test-eks-cluster",
            "disk_size": 20,
            "force_update_version": null,
            "id": "test-eks-cluster:test-eks-nodegroup",
            "instance_types": [
              "t3a.medium"
            ],
            "labels": {
              "role": "eks-nodegroup"
            },
            "launch_template": [],
            "node_group_name": "test-eks-nodegroup",
            "node_group_name_prefix": "",
            "node_role_arn": "arn:aws:iam::939823608919:role/test-iam-role-eks-nodegroup",
            "release_version": "1.21.14-20221112",
            "remote_access": [],
            "resources": [
              {
                "autoscaling_groups": [
                  {
                    "name": "eks-test-eks-nodegroup-5ec253ea-b901-5380-a715-f213a9f93d73"
                  }
                ],
                "remote_access_security_group_id": ""
              }
            ],
            "scaling_config": [
              {
                "desired_size": 2,
                "max_size": 3,
                "min_size": 1
              }
            ],
            "status": "ACTIVE",
            "subnet_ids": [
              "subnet-0d390e6402fc78468",
              "subnet-0e81f58c442fcb870"
            ],
            "tags": null,
            "tags_all": {},
            "taint": [],
            "timeouts": null,
            "update_config": [
              {
                "max_unavailable": 1,
                "max_unavailable_percentage": 0
              }
            ],
            "version": "1.21"
          },
          "sensitive_attributes": [],
          "private": "eyJlMmJmYjczMC1lY2FhLTExZTYtOGY4OC0zNDM2M2JjN2M0YzAiOnsiY3JlYXRlIjozNjAwMDAwMDAwMDAwLCJkZWxldGUiOjM2MDAwMDAwMDAwMDAsInVwZGF0ZSI6MzYwMDAwMDAwMDAwMH19",
          "dependencies": [
            "aws_eks_cluster.test-eks-cluster",
            "aws_iam_role.test-iam-role-eks-cluster",
            "aws_iam_role.test-iam-role-eks-nodegroup",
            "aws_iam_role_policy_attachment.test-iam-policy-eks-cluster",
            "aws_iam_role_policy_attachment.test-iam-policy-eks-cluster-vpc",
            "aws_iam_role_policy_attachment.test-iam-policy-eks-nodegroup",
            "aws_iam_role_policy_attachment.test-iam-policy-eks-nodegroup-cni",
            "aws_iam_role_policy_attachment.test-iam-policy-eks-nodegroup-ecr",
            "aws_security_group.test-sg-eks-cluster"
          ]
        }
      ]
    },
    {
      "mode": "managed",
      "type": "aws_iam_role",
      "name": "test-iam-role-eks-cluster",
      "provider": "provider[\"registry.terraform.io/hashicorp/aws\"]",
      "instances": [
        {
          "schema_version": 0,
          "attributes": {
            "arn": "arn:aws:iam::939823608919:role/test-iam-role-eks-cluster",
            "assume_role_policy": "{\"Statement\":[{\"Action\":\"sts:AssumeRole\",\"Effect\":\"Allow\",\"Principal\":{\"Service\":\"eks.amazonaws.com\"}}],\"Version\":\"2012-10-17\"}",
            "create_date": "2022-11-24T04:03:11Z",
            "description": "",
            "force_detach_policies": false,
            "id": "test-iam-role-eks-cluster",
            "inline_policy": [],
            "managed_policy_arns": [],
            "max_session_duration": 3600,
            "name": "test-iam-role-eks-cluster",
            "name_prefix": "",
            "path": "/",
            "permissions_boundary": null,
            "tags": null,
            "tags_all": {},
            "unique_id": "AROA5VUO2GRL7C4BF5IFO"
          },
          "sensitive_attributes": [],
          "private": "bnVsbA=="
        }
      ]
    },
    {
      "mode": "managed",
      "type": "aws_iam_role",
      "name": "test-iam-role-eks-nodegroup",
      "provider": "provider[\"registry.terraform.io/hashicorp/aws\"]",
      "instances": [
        {
          "schema_version": 0,
          "attributes": {
            "arn": "arn:aws:iam::939823608919:role/test-iam-role-eks-nodegroup",
            "assume_role_policy": "{\"Statement\":[{\"Action\":\"sts:AssumeRole\",\"Effect\":\"Allow\",\"Principal\":{\"Service\":\"ec2.amazonaws.com\"}}],\"Version\":\"2012-10-17\"}",
            "create_date": "2022-11-24T04:03:11Z",
            "description": "",
            "force_detach_policies": false,
            "id": "test-iam-role-eks-nodegroup",
            "inline_policy": [],
            "managed_policy_arns": [],
            "max_session_duration": 3600,
            "name": "test-iam-role-eks-nodegroup",
            "name_prefix": "",
            "path": "/",
            "permissions_boundary": null,
            "tags": null,
            "tags_all": {},
            "unique_id": "AROA5VUO2GRL5JH32YSY5"
          },
          "sensitive_attributes": [],
          "private": "bnVsbA=="
        }
      ]
    },
    {
      "mode": "managed",
      "type": "aws_iam_role_policy_attachment",
      "name": "test-iam-policy-eks-cluster",
      "provider": "provider[\"registry.terraform.io/hashicorp/aws\"]",
      "instances": [
        {
          "schema_version": 0,
          "attributes": {
            "id": "test-iam-role-eks-cluster-20221124040312697100000001",
            "policy_arn": "arn:aws:iam::aws:policy/AmazonEKSClusterPolicy",
            "role": "test-iam-role-eks-cluster"
          },
          "sensitive_attributes": [],
          "private": "bnVsbA==",
          "dependencies": [
            "aws_iam_role.test-iam-role-eks-cluster"
          ]
        }
      ]
    },
    {
      "mode": "managed",
      "type": "aws_iam_role_policy_attachment",
      "name": "test-iam-policy-eks-cluster-vpc",
      "provider": "provider[\"registry.terraform.io/hashicorp/aws\"]",
      "instances": [
        {
          "schema_version": 0,
          "attributes": {
            "id": "test-iam-role-eks-cluster-20221124040312721700000002",
            "policy_arn": "arn:aws:iam::aws:policy/AmazonEKSVPCResourceController",
            "role": "test-iam-role-eks-cluster"
          },
          "sensitive_attributes": [],
          "private": "bnVsbA==",
          "dependencies": [
            "aws_iam_role.test-iam-role-eks-cluster"
          ]
        }
      ]
    },
    {
      "mode": "managed",
      "type": "aws_iam_role_policy_attachment",
      "name": "test-iam-policy-eks-nodegroup",
      "provider": "provider[\"registry.terraform.io/hashicorp/aws\"]",
      "instances": [
        {
          "schema_version": 0,
          "attributes": {
            "id": "test-iam-role-eks-nodegroup-20221124040313198200000005",
            "policy_arn": "arn:aws:iam::aws:policy/AmazonEKSWorkerNodePolicy",
            "role": "test-iam-role-eks-nodegroup"
          },
          "sensitive_attributes": [],
          "private": "bnVsbA==",
          "dependencies": [
            "aws_iam_role.test-iam-role-eks-nodegroup"
          ]
        }
      ]
    },
    {
      "mode": "managed",
      "type": "aws_iam_role_policy_attachment",
      "name": "test-iam-policy-eks-nodegroup-cni",
      "provider": "provider[\"registry.terraform.io/hashicorp/aws\"]",
      "instances": [
        {
          "schema_version": 0,
          "attributes": {
            "id": "test-iam-role-eks-nodegroup-20221124040312944800000003",
            "policy_arn": "arn:aws:iam::aws:policy/AmazonEKS_CNI_Policy",
            "role": "test-iam-role-eks-nodegroup"
          },
          "sensitive_attributes": [],
          "private": "bnVsbA==",
          "dependencies": [
            "aws_iam_role.test-iam-role-eks-nodegroup"
          ]
        }
      ]
    },
    {
      "mode": "managed",
      "type": "aws_iam_role_policy_attachment",
      "name": "test-iam-policy-eks-nodegroup-ecr",
      "provider": "provider[\"registry.terraform.io/hashicorp/aws\"]",
      "instances": [
        {
          "schema_version": 0,
          "attributes": {
            "id": "test-iam-role-eks-nodegroup-20221124040312972300000004",
            "policy_arn": "arn:aws:iam::aws:policy/AmazonEC2ContainerRegistryReadOnly",
            "role": "test-iam-role-eks-nodegroup"
          },
          "sensitive_attributes": [],
          "private": "bnVsbA==",
          "dependencies": [
            "aws_iam_role.test-iam-role-eks-nodegroup"
          ]
        }
      ]
    },
    {
      "mode": "managed",
      "type": "aws_launch_template",
      "name": "tfer--eks-5ec253ea-b901-5380-a715-f213a9f93d73",
      "provider": "provider[\"registry.terraform.io/-/aws\"]",
      "instances": [
        {
          "schema_version": 0,
          "attributes_flat": {
            "arn": "arn:aws:ec2:ap-northeast-2:939823608919:launch-template/lt-0af0f330977f6748b",
            "block_device_mappings.#": "1",
            "block_device_mappings.0.device_name": "/dev/xvda",
            "block_device_mappings.0.ebs.#": "1",
            "block_device_mappings.0.ebs.0.delete_on_termination": "true",
            "block_device_mappings.0.ebs.0.encrypted": "",
            "block_device_mappings.0.ebs.0.iops": "0",
            "block_device_mappings.0.ebs.0.kms_key_id": "",
            "block_device_mappings.0.ebs.0.snapshot_id": "",
            "block_device_mappings.0.ebs.0.throughput": "0",
            "block_device_mappings.0.ebs.0.volume_size": "20",
            "block_device_mappings.0.ebs.0.volume_type": "gp2",
            "block_device_mappings.0.no_device": "",
            "block_device_mappings.0.virtual_name": "",
            "capacity_reservation_specification.#": "0",
            "cpu_options.#": "0",
            "default_version": "1",
            "description": "",
            "disable_api_stop": "false",
            "disable_api_termination": "false",
            "ebs_optimized": "",
            "elastic_gpu_specifications.#": "0",
            "elastic_inference_accelerator.#": "0",
            "enclave_options.#": "0",
            "hibernation_options.#": "0",
            "iam_instance_profile.#": "1",
            "iam_instance_profile.0.arn": "",
            "iam_instance_profile.0.name": "eks-5ec253ea-b901-5380-a715-f213a9f93d73",
            "id": "lt-0af0f330977f6748b",
            "image_id": "ami-014ca7719d6166f28",
            "instance_initiated_shutdown_behavior": "",
            "instance_market_options.#": "0",
            "instance_requirements.#": "0",
            "instance_type": "t3a.medium",
            "kernel_id": "",
            "key_name": "",
            "latest_version": "1",
            "license_specification.#": "0",
            "maintenance_options.#": "0",
            "metadata_options.#": "1",
            "metadata_options.0.http_endpoint": "",
            "metadata_options.0.http_protocol_ipv6": "",
            "metadata_options.0.http_put_response_hop_limit": "2",
            "metadata_options.0.http_tokens": "",
            "metadata_options.0.instance_metadata_tags": "",
            "monitoring.#": "0",
            "name": "eks-5ec253ea-b901-5380-a715-f213a9f93d73",
            "name_prefix": "",
            "network_interfaces.#": "1",
            "network_interfaces.0.associate_carrier_ip_address": "",
            "network_interfaces.0.associate_public_ip_address": "",
            "network_interfaces.0.delete_on_termination": "",
            "network_interfaces.0.description": "",
            "network_interfaces.0.device_index": "0",
            "network_interfaces.0.interface_type": "",
            "network_interfaces.0.ipv4_address_count": "0",
            "network_interfaces.0.ipv4_addresses.#": "0",
            "network_interfaces.0.ipv4_prefix_count": "0",
            "network_interfaces.0.ipv4_prefixes.#": "0",
            "network_interfaces.0.ipv6_address_count": "0",
            "network_interfaces.0.ipv6_addresses.#": "0",
            "network_interfaces.0.ipv6_prefix_count": "0",
            "network_interfaces.0.ipv6_prefixes.#": "0",
            "network_interfaces.0.network_card_index": "0",
            "network_interfaces.0.network_interface_id": "",
            "network_interfaces.0.private_ip_address": "",
            "network_interfaces.0.security_groups.#": "1",
            "network_interfaces.0.security_groups.0": "sg-05ff42de7d4fe01d7",
            "network_interfaces.0.subnet_id": "",
            "placement.#": "0",
            "private_dns_name_options.#": "0",
            "ram_disk_id": "",
            "security_group_names.#": "0",
            "tag_specifications.#": "0",
            "tags.%": "2",
            "tags.eks:cluster-name": "test-eks-cluster",
            "tags.eks:nodegroup-name": "test-eks-nodegroup",
            "tags_all.%": "2",
            "tags_all.eks:cluster-name": "test-eks-cluster",
            "tags_all.eks:nodegroup-name": "test-eks-nodegroup",
            "user_data": "TUlNRS1WZXJzaW9uOiAxLjAKQ29udGVudC1UeXBlOiBtdWx0aXBhcnQvbWl4ZWQ7IGJvdW5kYXJ5PSIvLyIKCi0tLy8KQ29udGVudC1UeXBlOiB0ZXh0L3gtc2hlbGxzY3JpcHQ7IGNoYXJzZXQ9InVzLWFzY2lpIgojIS9iaW4vYmFzaApzZXQgLWV4CkI2NF9DTFVTVEVSX0NBPUxTMHRMUzFDUlVkSlRpQkRSVkpVU1VaSlEwRlVSUzB0TFMwdENrMUpTVU0xZWtORFFXTXJaMEYzU1VKQlowbENRVVJCVGtKbmEzRm9hMmxIT1hjd1FrRlJjMFpCUkVGV1RWSk5kMFZSV1VSV1VWRkVSWGR3Y21SWFNtd0tZMjAxYkdSSFZucE5RalJZUkZSSmVVMVVSWGxPUkVFd1RVUm5lVTFzYjFoRVZFMTVUVlJGZVUxVVFUQk5SR2Q1VFd4dmQwWlVSVlJOUWtWSFFURlZSUXBCZUUxTFlUTldhVnBZU25WYVdGSnNZM3BEUTBGVFNYZEVVVmxLUzI5YVNXaDJZMDVCVVVWQ1FsRkJSR2RuUlZCQlJFTkRRVkZ2UTJkblJVSkJTelZHQ2s1R1YyTnpUbWx0ZG01eGFHSkhSekprYVZSb1VWZG9aSEJJYzNGVEt6TXdjRTlSWWtSSFRVZ3pVSFl6YTBGSVUyWnVWbFUyTkRkRFZEaE5lblZqWkZNS0wwTmphSEkxZUdZMlJtSjRTVlJYY0ZneGFEaHlTVmw1WW1FeVltcGxURXB3TUVNeGNXVnJhMjlCTUVodlNVZDBXbXhJV1N0QlRXTjFNbkowWlhWdk5ncHVTblI0TDNjeGVGRnNhWGRLUlVVMFVGVnJkbkp3ZEc4MU9UVTNkWEJIU1ZGS2RFNHdWRU5zU25sSFNUZHROVGR4ZWs5WFFVSnZZV1p6VEZocU1GSlhDalZhVkc5M1QxaGpNa1JKU0hkc2FtSXJVMW9yUm5WV1oxSjBhWEF6WWt4M2NGbFpSVmx6U1c1RVIyMVJkblZRVGpKbFJrRlFNbkZKVXpGWVFsSlNNSE1LZDJKdk0xVjBVekJ1ZG1OeVJsVklWaTlqTkhCMUwzVk1lR2htWTNwdVNrSktNMFp5SzFCNVZIbEZhV055TDJOc1ZWZE5ia3BWWjI1REsxVnpiVVZYUXdwaFVIRnRXRlpGTmk5aGMxRlhSelJuUTFaclEwRjNSVUZCWVU1RFRVVkJkMFJuV1VSV1VqQlFRVkZJTDBKQlVVUkJaMHRyVFVFNFIwRXhWV1JGZDBWQ0NpOTNVVVpOUVUxQ1FXWTRkMGhSV1VSV1VqQlBRa0paUlVaRWJFaFBVMGt2UjB4aVFUWndTM0V3VVRCc00xcHdTMmxxY0ZOTlFUQkhRMU54UjFOSllqTUtSRkZGUWtOM1ZVRkJORWxDUVZGRFJ6Rk1XVWMyYWpJM2FrNXNVMkZsVDFKRFJrVkpORVpFTW5wWU4xSkxabWRGTTNOVVduSnBOemxtY1ZOTVZWUXpaZ3BqUzBSWVZFcG1RbU13UkN0WWJVZEdiVlEyWmxkQk0ySklLelIzY1ZSbFMyVk9RVGROTldkWFVYUmtlREZPTjJKTVZqQXZOVWxyTWs1dGJYRnBiVFE1Q2t0aFZscHpaa1pYZDBoVFJrTkVRV2xFYzJ4TlRIZEdRV0pwVUdGd1pFVTRNSEJEZHpkTk4wWTBaVk13UTJNM2JHVklaMDFQVkhWU1EyMTBObGhhV0RRS1J6QjBaM0JCTUU1Q2VEVTJXalJrVjFwYVNVTlRZMmxCUVZOc05VMHhkVUpGTkVaV00yVXhUa0pxTmxOME9XZG5iVmxWYldKNFQxUlpUR3N4YUZSUmNBcFJPWGxxWm05SWVuUndkRGtyVDNaRmJWZ3hNelJvTUVwWVZGYzNUVkZMVTNwSVkwbzBSak5YYWtWWk9VdHVNemh2ZFc1MVFsWTBiRkJFZWs5b2IyY3hDakJITkdOcU1XRkhhbk4zVDBGVUwyWnlVSHBGVFdGdmNpczBibU5aUjNoVVdVMW9Od290TFMwdExVVk9SQ0JEUlZKVVNVWkpRMEZVUlMwdExTMHRDZz09CkFQSV9TRVJWRVJfVVJMPWh0dHBzOi8vRkE5MkM3NDQ5RTU5MEQxOUNFMzY0RjBDRERERTU1RkQuZ3I3LmFwLW5vcnRoZWFzdC0yLmVrcy5hbWF6b25hd3MuY29tCks4U19DTFVTVEVSX0ROU19JUD0xMC4xMDAuMC4xMAovZXRjL2Vrcy9ib290c3RyYXAuc2ggdGVzdC1la3MtY2x1c3RlciAtLWt1YmVsZXQtZXh0cmEtYXJncyAnLS1ub2RlLWxhYmVscz1la3MuYW1hem9uYXdzLmNvbS9ub2RlZ3JvdXAtaW1hZ2U9YW1pLTAxNGNhNzcxOWQ2MTY2ZjI4LGVrcy5hbWF6b25hd3MuY29tL2NhcGFjaXR5VHlwZT1PTl9ERU1BTkQsZWtzLmFtYXpvbmF3cy5jb20vbm9kZWdyb3VwPXRlc3QtZWtzLW5vZGVncm91cCxyb2xlPWVrcy1ub2RlZ3JvdXAgLS1tYXgtcG9kcz0xNycgLS1iNjQtY2x1c3Rlci1jYSAkQjY0X0NMVVNURVJfQ0EgLS1hcGlzZXJ2ZXItZW5kcG9pbnQgJEFQSV9TRVJWRVJfVVJMIC0tZG5zLWNsdXN0ZXItaXAgJEs4U19DTFVTVEVSX0ROU19JUCAtLXVzZS1tYXgtcG9kcyBmYWxzZQoKLS0vLy0t",
            "vpc_security_group_ids.#": "0"
          },
          "sensitive_attributes": []
        }
      ]
    },
    {
      "mode": "managed",
      "type": "aws_security_group",
      "name": "test-sg-eks-cluster",
      "provider": "provider[\"registry.terraform.io/hashicorp/aws\"]",
      "instances": [
        {
          "schema_version": 1,
          "attributes": {
            "arn": "arn:aws:ec2:ap-northeast-2:939823608919:security-group/sg-09a1522fffc4e17ad",
            "description": "security_Group for test-eks-cluster",
            "egress": [],
            "id": "sg-09a1522fffc4e17ad",
            "ingress": [],
            "name": "test-sg-eks-cluster",
            "name_prefix": "",
            "owner_id": "939823608919",
            "revoke_rules_on_delete": false,
            "tags": {
              "Name": "test-sg-eks-cluster"
            },
            "tags_all": {
              "Name": "test-sg-eks-cluster"
            },
            "timeouts": null,
            "vpc_id": "vpc-0f55c9e30ef5aef32"
          },
          "sensitive_attributes": [],
          "private": "eyJlMmJmYjczMC1lY2FhLTExZTYtOGY4OC0zNDM2M2JjN2M0YzAiOnsiY3JlYXRlIjo2MDAwMDAwMDAwMDAsImRlbGV0ZSI6OTAwMDAwMDAwMDAwfSwic2NoZW1hX3ZlcnNpb24iOiIxIn0="
        }
      ]
    },
    {
      "mode": "managed",
      "type": "aws_security_group_rule",
      "name": "test-sg-eks-cluster-egress",
      "provider": "provider[\"registry.terraform.io/hashicorp/aws\"]",
      "instances": [
        {
          "schema_version": 2,
          "attributes": {
            "cidr_blocks": [
              "0.0.0.0/0"
            ],
            "description": "egress security_group rule for test-eks-cluster",
            "from_port": 0,
            "id": "sgrule-2663237946",
            "ipv6_cidr_blocks": null,
            "prefix_list_ids": null,
            "protocol": "-1",
            "security_group_id": "sg-09a1522fffc4e17ad",
            "security_group_rule_id": "sgr-01cbe1d526ded0c24",
            "self": false,
            "source_security_group_id": null,
            "timeouts": null,
            "to_port": 0,
            "type": "egress"
          },
          "sensitive_attributes": [],
          "private": "eyJlMmJmYjczMC1lY2FhLTExZTYtOGY4OC0zNDM2M2JjN2M0YzAiOnsiY3JlYXRlIjozMDAwMDAwMDAwMDB9LCJzY2hlbWFfdmVyc2lvbiI6IjIifQ==",
          "dependencies": [
            "aws_security_group.test-sg-eks-cluster"
          ]
        }
      ]
    },
    {
      "mode": "managed",
      "type": "aws_security_group_rule",
      "name": "test-sg-eks-cluster-ingress",
      "provider": "provider[\"registry.terraform.io/hashicorp/aws\"]",
      "instances": [
        {
          "schema_version": 2,
          "attributes": {
            "cidr_blocks": [
              "0.0.0.0/0"
            ],
            "description": "ingress security_group rule for test-eks-cluster",
            "from_port": 0,
            "id": "sgrule-1150306095",
            "ipv6_cidr_blocks": null,
            "prefix_list_ids": null,
            "protocol": "-1",
            "security_group_id": "sg-09a1522fffc4e17ad",
            "security_group_rule_id": "sgr-0ef82cbf86a72e79a",
            "self": false,
            "source_security_group_id": null,
            "timeouts": null,
            "to_port": 0,
            "type": "ingress"
          },
          "sensitive_attributes": [],
          "private": "eyJlMmJmYjczMC1lY2FhLTExZTYtOGY4OC0zNDM2M2JjN2M0YzAiOnsiY3JlYXRlIjozMDAwMDAwMDAwMDB9LCJzY2hlbWFfdmVyc2lvbiI6IjIifQ==",
          "dependencies": [
            "aws_security_group.test-sg-eks-cluster"
          ]
        }
      ]
    }
  ],
  "check_results": null
}
